
Microsoft Visual Studio Solution File, Format Version 12.00
# Visual Studio Version 17
VisualStudioVersion = 17.2.32505.173
MinimumVisualStudioVersion = 10.0.40219.1
Project("{FAE04EC0-301F-11D3-BF4B-00C04F79EFBC}") = "KompKomp04", "KompKomp04.csproj", "{D5BFCEA1-A02D-42C5-9964-421BB56BC13A}"
EndProject
Global
	GlobalSection(SolutionConfigurationPlatforms) = preSolution
		Debug|Any CPU = Debug|Any CPU
		Release|Any CPU = Release|Any CPU
	EndGlobalSection
	GlobalSection(ProjectConfigurationPlatforms) = postSolution
		{D5BFCEA1-A02D-42C5-9964-421BB56BC13A}.Debug|Any CPU.ActiveCfg = Debug|Any CPU
		{D5BFCEA1-A02D-42C5-9964-421BB56BC13A}.Debug|Any CPU.Build.0 = Debug|Any CPU
		{D5BFCEA1-A02D-42C5-9964-421BB56BC13A}.Release|Any CPU.ActiveCfg = Release|Any CPU
		{D5BFCEA1-A02D-42C5-9964-421BB56BC13A}.Release|Any CPU.Build.0 = Release|Any CPU
	EndGlobalSection
	GlobalSection(SolutionProperties) = preSolution
		HideSolutionNode = FALSE
	EndGlobalSection
	GlobalSection(ExtensibilityGlobals) = postSolution
		SolutionGuid = {1DF56DD4-9D34-4D2C-AC55-AE021965687F}
	EndGlobalSection
EndGlobal
